// !$*UTF8*$!
{
	archiveVersion = 1;
	classes = {
	};
	objectVersion = 50;
	objects = {

/* Begin PBXBuildFile section */
		3BAE1E4F2425C405007D2FB1 /* AppDelegate.swift in Sources */ = {isa = PBXBuildFile; fileRef = 3BAE1E4E2425C405007D2FB1 /* AppDelegate.swift */; };
		3BAE1E512425C405007D2FB1 /* SceneDelegate.swift in Sources */ = {isa = PBXBuildFile; fileRef = 3BAE1E502425C405007D2FB1 /* SceneDelegate.swift */; };
		3BAE1E532425C405007D2FB1 /* ContentView.swift in Sources */ = {isa = PBXBuildFile; fileRef = 3BAE1E522425C405007D2FB1 /* ContentView.swift */; };
		3BAE1E552425C411007D2FB1 /* Assets.xcassets in Resources */ = {isa = PBXBuildFile; fileRef = 3BAE1E542425C411007D2FB1 /* Assets.xcassets */; };
		3BAE1E582425C411007D2FB1 /* Preview Assets.xcassets in Resources */ = {isa = PBXBuildFile; fileRef = 3BAE1E572425C411007D2FB1 /* Preview Assets.xcassets */; };
		3BAE1E5B2425C411007D2FB1 /* LaunchScreen.storyboard in Resources */ = {isa = PBXBuildFile; fileRef = 3BAE1E592425C411007D2FB1 /* LaunchScreen.storyboard */; };
		3BAE1E662425C412007D2FB1 /* DemoSwiftUITests.swift in Sources */ = {isa = PBXBuildFile; fileRef = 3BAE1E652425C412007D2FB1 /* DemoSwiftUITests.swift */; };
		3BAE1E712425C413007D2FB1 /* DemoSwiftUIUITests.swift in Sources */ = {isa = PBXBuildFile; fileRef = 3BAE1E702425C413007D2FB1 /* DemoSwiftUIUITests.swift */; };
/* End PBXBuildFile section */

/* Begin PBXContainerItemProxy section */
		3BAE1E622425C412007D2FB1 /* PBXContainerItemProxy */ = {
			isa = PBXContainerItemProxy;
			containerPortal = 3BAE1E432425C405007D2FB1 /* Project object */;
			proxyType = 1;
			remoteGlobalIDString = 3BAE1E4A2425C405007D2FB1;
			remoteInfo = DemoSwiftUI;
		};
		3BAE1E6D2425C413007D2FB1 /* PBXContainerItemProxy */ = {
			isa = PBXContainerItemProxy;
			containerPortal = 3BAE1E432425C405007D2FB1 /* Project object */;
			proxyType = 1;
			remoteGlobalIDString = 3BAE1E4A2425C405007D2FB1;
			remoteInfo = DemoSwiftUI;
		};
/* End PBXContainerItemProxy section */

/* Begin PBXFileReference section */
		3BAE1E4B2425C405007D2FB1 /* DemoSwiftUI.app */ = {isa = PBXFileReference; explicitFileType = wrapper.application; includeInIndex = 0; path = DemoSwiftUI.app; sourceTree = BUILT_PRODUCTS_DIR; };
		3BAE1E4E2425C405007D2FB1 /* AppDelegate.swift */ = {isa = PBXFileReference; lastKnownFileType = sourcecode.swift; path = AppDelegate.swift; sourceTree = "<group>"; };
		3BAE1E502425C405007D2FB1 /* SceneDelegate.swift */ = {isa = PBXFileReference; lastKnownFileType = sourcecode.swift; path = SceneDelegate.swift; sourceTree = "<group>"; };
		3BAE1E522425C405007D2FB1 /* ContentView.swift */ = {isa = PBXFileReference; lastKnownFileType = sourcecode.swift; path = ContentView.swift; sourceTree = "<group>"; };
		3BAE1E542425C411007D2FB1 /* Assets.xcassets */ = {isa = PBXFileReference; lastKnownFileType = folder.assetcatalog; path = Assets.xcassets; sourceTree = "<group>"; };
		3BAE1E572425C411007D2FB1 /* Preview Assets.xcassets */ = {isa = PBXFileReference; lastKnownFileType = folder.assetcatalog; path = "Preview Assets.xcassets"; sourceTree = "<group>"; };
		3BAE1E5A2425C411007D2FB1 /* Base */ = {isa = PBXFileReference; lastKnownFileType = file.storyboard; name = Base; path = Base.lproj/LaunchScreen.storyboard; sourceTree = "<group>"; };
		3BAE1E5C2425C411007D2FB1 /* Info.plist */ = {isa = PBXFileReference; lastKnownFileType = text.plist.xml; path = Info.plist; sourceTree = "<group>"; };
		3BAE1E612425C412007D2FB1 /* DemoSwiftUITests.xctest */ = {isa = PBXFileReference; explicitFileType = wrapper.cfbundle; includeInIndex = 0; path = DemoSwiftUITests.xctest; sourceTree = BUILT_PRODUCTS_DIR; };
		3BAE1E652425C412007D2FB1 /* DemoSwiftUITests.swift */ = {isa = PBXFileReference; lastKnownFileType = sourcecode.swift; path = DemoSwiftUITests.swift; sourceTree = "<group>"; };
		3BAE1E672425C412007D2FB1 /* Info.plist */ = {isa = PBXFileReference; lastKnownFileType = text.plist.xml; path = Info.plist; sourceTree = "<group>"; };
		3BAE1E6C2425C413007D2FB1 /* DemoSwiftUIUITests.xctest */ = {isa = PBXFileReference; explicitFileType = wrapper.cfbundle; includeInIndex = 0; path = DemoSwiftUIUITests.xctest; sourceTree = BUILT_PRODUCTS_DIR; };
		3BAE1E702425C413007D2FB1 /* DemoSwiftUIUITests.swift */ = {isa = PBXFileReference; lastKnownFileType = sourcecode.swift; path = DemoSwiftUIUITests.swift; sourceTree = "<group>"; };
		3BAE1E722425C413007D2FB1 /* Info.plist */ = {isa = PBXFileReference; lastKnownFileType = text.plist.xml; path = Info.plist; sourceTree = "<group>"; };
/* End PBXFileReference section */

/* Begin PBXFrameworksBuildPhase section */
		3BAE1E482425C405007D2FB1 /* Frameworks */ = {
			isa = PBXFrameworksBuildPhase;
			buildActionMask = 2147483647;
			files = (
			);
			runOnlyForDeploymentPostprocessing = 0;
		};
		3BAE1E5E2425C412007D2FB1 /* Frameworks */ = {
			isa = PBXFrameworksBuildPhase;
			buildActionMask = 2147483647;
			files = (
			);
			runOnlyForDeploymentPostprocessing = 0;
		};
		3BAE1E692425C413007D2FB1 /* Frameworks */ = {
			isa = PBXFrameworksBuildPhase;
			buildActionMask = 2147483647;
			files = (
			);
			runOnlyForDeploymentPostprocessing = 0;
		};
/* End PBXFrameworksBuildPhase section */

/* Begin PBXGroup section */
		3BAE1E422425C405007D2FB1 = {
			isa = PBXGroup;
			children = (
				3BAE1E4D2425C405007D2FB1 /* DemoSwiftUI */,
				3BAE1E642425C412007D2FB1 /* DemoSwiftUITests */,
				3BAE1E6F2425C413007D2FB1 /* DemoSwiftUIUITests */,
				3BAE1E4C2425C405007D2FB1 /* Products */,
			);
			sourceTree = "<group>";
		};
		3BAE1E4C2425C405007D2FB1 /* Products */ = {
			isa = PBXGroup;
			children = (
				3BAE1E4B2425C405007D2FB1 /* DemoSwiftUI.app */,
				3BAE1E612425C412007D2FB1 /* DemoSwiftUITests.xctest */,
				3BAE1E6C2425C413007D2FB1 /* DemoSwiftUIUITests.xctest */,
			);
			name = Products;
			sourceTree = "<group>";
		};
		3BAE1E4D2425C405007D2FB1 /* DemoSwiftUI */ = {
			isa = PBXGroup;
			children = (
				3BAE1E4E2425C405007D2FB1 /* AppDelegate.swift */,
				3BAE1E502425C405007D2FB1 /* SceneDelegate.swift */,
				3BAE1E522425C405007D2FB1 /* ContentView.swift */,
				3BAE1E542425C411007D2FB1 /* Assets.xcassets */,
				3BAE1E592425C411007D2FB1 /* LaunchScreen.storyboard */,
				3BAE1E5C2425C411007D2FB1 /* Info.plist */,
				3BAE1E562425C411007D2FB1 /* Preview Content */,
			);
			path = DemoSwiftUI;
			sourceTree = "<group>";
		};
		3BAE1E562425C411007D2FB1 /* Preview Content */ = {
			isa = PBXGroup;
			children = (
				3BAE1E572425C411007D2FB1 /* Preview Assets.xcassets */,
			);
			path = "Preview Content";
			sourceTree = "<group>";
		};
		3BAE1E642425C412007D2FB1 /* DemoSwiftUITests */ = {
			isa = PBXGroup;
			children = (
				3BAE1E652425C412007D2FB1 /* DemoSwiftUITests.swift */,
				3BAE1E672425C412007D2FB1 /* Info.plist */,
			);
			path = DemoSwiftUITests;
			sourceTree = "<group>";
		};
		3BAE1E6F2425C413007D2FB1 /* DemoSwiftUIUITests */ = {
			isa = PBXGroup;
			children = (
				3BAE1E702425C413007D2FB1 /* DemoSwiftUIUITests.swift */,
				3BAE1E722425C413007D2FB1 /* Info.plist */,
			);
			path = DemoSwiftUIUITests;
			sourceTree = "<group>";
		};
/* End PBXGroup section */

/* Begin PBXNativeTarget section */
		3BAE1E4A2425C405007D2FB1 /* DemoSwiftUI */ = {
			isa = PBXNativeTarget;
			buildConfigurationList = 3BAE1E752425C413007D2FB1 /* Build configuration list for PBXNativeTarget "DemoSwiftUI" */;
			buildPhases = (
				3BAE1E472425C405007D2FB1 /* Sources */,
				3BAE1E482425C405007D2FB1 /* Frameworks */,
				3BAE1E492425C405007D2FB1 /* Resources */,
			);
			buildRules = (
			);
			dependencies = (
			);
			name = DemoSwiftUI;
			productName = DemoSwiftUI;
			productReference = 3BAE1E4B2425C405007D2FB1 /* DemoSwiftUI.app */;
			productType = "com.apple.product-type.application";
		};
		3BAE1E602425C412007D2FB1 /* DemoSwiftUITests */ = {
			isa = PBXNativeTarget;
			buildConfigurationList = 3BAE1E782425C413007D2FB1 /* Build configuration list for PBXNativeTarget "DemoSwiftUITests" */;
			buildPhases = (
				3BAE1E5D2425C412007D2FB1 /* Sources */,
				3BAE1E5E2425C412007D2FB1 /* Frameworks */,
				3BAE1E5F2425C412007D2FB1 /* Resources */,
			);
			buildRules = (
			);
			dependencies = (
				3BAE1E632425C412007D2FB1 /* PBXTargetDependency */,
			);
			name = DemoSwiftUITests;
			productName = DemoSwiftUITests;
			productReference = 3BAE1E612425C412007D2FB1 /* DemoSwiftUITests.xctest */;
			productType = "com.apple.product-type.bundle.unit-test";
		};
		3BAE1E6B2425C413007D2FB1 /* DemoSwiftUIUITests */ = {
			isa = PBXNativeTarget;
			buildConfigurationList = 3BAE1E7B2425C413007D2FB1 /* Build configuration list for PBXNativeTarget "DemoSwiftUIUITests" */;
			buildPhases = (
				3BAE1E682425C413007D2FB1 /* Sources */,
				3BAE1E692425C413007D2FB1 /* Frameworks */,
				3BAE1E6A2425C413007D2FB1 /* Resources */,
			);
			buildRules = (
			);
			dependencies = (
				3BAE1E6E2425C413007D2FB1 /* PBXTargetDependency */,
			);
			name = DemoSwiftUIUITests;
			productName = DemoSwiftUIUITests;
			productReference = 3BAE1E6C2425C413007D2FB1 /* DemoSwiftUIUITests.xctest */;
			productType = "com.apple.product-type.bundle.ui-testing";
		};
/* End PBXNativeTarget section */

/* Begin PBXProject section */
		3BAE1E432425C405007D2FB1 /* Project object */ = {
			isa = PBXProject;
			attributes = {
				LastSwiftUpdateCheck = 1130;
				LastUpgradeCheck = 1130;
				ORGANIZATIONNAME = Demo;
				TargetAttributes = {
					3BAE1E4A2425C405007D2FB1 = {
						CreatedOnToolsVersion = 11.3.1;
					};
					3BAE1E602425C412007D2FB1 = {
						CreatedOnToolsVersion = 11.3.1;
						TestTargetID = 3BAE1E4A2425C405007D2FB1;
					};
					3BAE1E6B2425C413007D2FB1 = {
						CreatedOnToolsVersion = 11.3.1;
						TestTargetID = 3BAE1E4A2425C405007D2FB1;
					};
				};
			};
			buildConfigurationList = 3BAE1E462425C405007D2FB1 /* Build configuration list for PBXProject "DemoSwiftUI" */;
			compatibilityVersion = "Xcode 9.3";
			developmentRegion = en;
			hasScannedForEncodings = 0;
			knownRegions = (
				en,
				Base,
			);
			mainGroup = 3BAE1E422425C405007D2FB1;
			productRefGroup = 3BAE1E4C2425C405007D2FB1 /* Products */;
			projectDirPath = "";
			projectRoot = "";
			targets = (
				3BAE1E4A2425C405007D2FB1 /* DemoSwiftUI */,
				3BAE1E602425C412007D2FB1 /* DemoSwiftUITests */,
				3BAE1E6B2425C413007D2FB1 /* DemoSwiftUIUITests */,
			);
		};
/* End PBXProject section */

/* Begin PBXResourcesBuildPhase section */
		3BAE1E492425C405007D2FB1 /* Resources */ = {
			isa = PBXResourcesBuildPhase;
			buildActionMask = 2147483647;
			files = (
				3BAE1E5B2425C411007D2FB1 /* LaunchScreen.storyboard in Resources */,
				3BAE1E582425C411007D2FB1 /* Preview Assets.xcassets in Resources */,
				3BAE1E552425C411007D2FB1 /* Assets.xcassets in Resources */,
			);
			runOnlyForDeploymentPostprocessing = 0;
		};
		3BAE1E5F2425C412007D2FB1 /* Resources */ = {
			isa = PBXResourcesBuildPhase;
			buildActionMask = 2147483647;
			files = (
			);
			runOnlyForDeploymentPostprocessing = 0;
		};
		3BAE1E6A2425C413007D2FB1 /* Resources */ = {
			isa = PBXResourcesBuildPhase;
			buildActionMask = 2147483647;
			files = (
			);
			runOnlyForDeploymentPostprocessing = 0;
		};
/* End PBXResourcesBuildPhase section */

/* Begin PBXSourcesBuildPhase section */
		3BAE1E472425C405007D2FB1 /* Sources */ = {
			isa = PBXSourcesBuildPhase;
			buildActionMask = 2147483647;
			files = (
				3BAE1E4F2425C405007D2FB1 /* AppDelegate.swift in Sources */,
				3BAE1E512425C405007D2FB1 /* SceneDelegate.swift in Sources */,
				3BAE1E532425C405007D2FB1 /* ContentView.swift in Sources */,
			);
			runOnlyForDeploymentPostprocessing = 0;
		};
		3BAE1E5D2425C412007D2FB1 /* Sources */ = {
			isa = PBXSourcesBuildPhase;
			buildActionMask = 2147483647;
			files = (
				3BAE1E662425C412007D2FB1 /* DemoSwiftUITests.swift in Sources */,
			);
			runOnlyForDeploymentPostprocessing = 0;
		};
		3BAE1E682425C413007D2FB1 /* Sources */ = {
			isa = PBXSourcesBuildPhase;
			buildActionMask = 2147483647;
			files = (
				3BAE1E712425C413007D2FB1 /* DemoSwiftUIUITests.swift in Sources */,
			);
			runOnlyForDeploymentPostprocessing = 0;
		};
/* End PBXSourcesBuildPhase section */

/* Begin PBXTargetDependency section */
		3BAE1E632425C412007D2FB1 /* PBXTargetDependency */ = {
			isa = PBXTargetDependency;
			target = 3BAE1E4A2425C405007D2FB1 /* DemoSwiftUI */;
			targetProxy = 3BAE1E622425C412007D2FB1 /* PBXContainerItemProxy */;
		};
		3BAE1E6E2425C413007D2FB1 /* PBXTargetDependency */ = {
			isa = PBXTargetDependency;
			target = 3BAE1E4A2425C405007D2FB1 /* DemoSwiftUI */;
			targetProxy = 3BAE1E6D2425C413007D2FB1 /* PBXContainerItemProxy */;
		};
/* End PBXTargetDependency section */

/* Begin PBXVariantGroup section */
		3BAE1E592425C411007D2FB1 /* LaunchScreen.storyboard */ = {
			isa = PBXVariantGroup;
			children = (
				3BAE1E5A2425C411007D2FB1 /* Base */,
			);
			name = LaunchScreen.storyboard;
			sourceTree = "<group>";
		};
/* End PBXVariantGroup section */

/* Begin XCBuildConfiguration section */
		3BAE1E732425C413007D2FB1 /* Debug */ = {
			isa = XCBuildConfiguration;
			buildSettings = {
				ALWAYS_SEARCH_USER_PATHS = NO;
				CLANG_ANALYZER_NONNULL = YES;
				CLANG_ANALYZER_NUMBER_OBJECT_CONVERSION = YES_AGGRESSIVE;
				CLANG_CXX_LANGUAGE_STANDARD = "gnu++14";
				CLANG_CXX_LIBRARY = "libc++";
				CLANG_ENABLE_MODULES = YES;
				CLANG_ENABLE_OBJC_ARC = YES;
				CLANG_ENABLE_OBJC_WEAK = YES;
				CLANG_WARN_BLOCK_CAPTURE_AUTORELEASING = YES;
				CLANG_WARN_BOOL_CONVERSION = YES;
				CLANG_WARN_COMMA = YES;
				CLANG_WARN_CONSTANT_CONVERSION = YES;
				CLANG_WARN_DEPRECATED_OBJC_IMPLEMENTATIONS = YES;
				CLANG_WARN_DIRECT_OBJC_ISA_USAGE = YES_ERROR;
				CLANG_WARN_DOCUMENTATION_COMMENTS = YES;
				CLANG_WARN_EMPTY_BODY = YES;
				CLANG_WARN_ENUM_CONVERSION = YES;
				CLANG_WARN_INFINITE_RECURSION = YES;
				CLANG_WARN_INT_CONVERSION = YES;
				CLANG_WARN_NON_LITERAL_NULL_CONVERSION = YES;
				CLANG_WARN_OBJC_IMPLICIT_RETAIN_SELF = YES;
				CLANG_WARN_OBJC_LITERAL_CONVERSION = YES;
				CLANG_WARN_OBJC_ROOT_CLASS = YES_ERROR;
				CLANG_WARN_RANGE_LOOP_ANALYSIS = YES;
				CLANG_WARN_STRICT_PROTOTYPES = YES;
				CLANG_WARN_SUSPICIOUS_MOVE = YES;
				CLANG_WARN_UNGUARDED_AVAILABILITY = YES_AGGRESSIVE;
				CLANG_WARN_UNREACHABLE_CODE = YES;
				CLANG_WARN__DUPLICATE_METHOD_MATCH = YES;
				COPY_PHASE_STRIP = NO;
				DEBUG_INFORMATION_FORMAT = dwarf;
				ENABLE_STRICT_OBJC_MSGSEND = YES;
				ENABLE_TESTABILITY = YES;
				GCC_C_LANGUAGE_STANDARD = gnu11;
				GCC_DYNAMIC_NO_PIC = NO;
				GCC_NO_COMMON_BLOCKS = YES;
				GCC_OPTIMIZATION_LEVEL = 0;
				GCC_PREPROCESSOR_DEFINITIONS = (
					"DEBUG=1",
					"$(inherited)",
				);
				GCC_WARN_64_TO_32_BIT_CONVERSION = YES;
				GCC_WARN_ABOUT_RETURN_TYPE = YES_ERROR;
				GCC_WARN_UNDECLARED_SELECTOR = YES;
				GCC_WARN_UNINITIALIZED_AUTOS = YES_AGGRESSIVE;
				GCC_WARN_UNUSED_FUNCTION = YES;
				GCC_WARN_UNUSED_VARIABLE = YES;
				IPHONEOS_DEPLOYMENT_TARGET = 13.2;
				MTL_ENABLE_DEBUG_INFO = INCLUDE_SOURCE;
				MTL_FAST_MATH = YES;
				ONLY_ACTIVE_ARCH = YES;
				SDKROOT = iphoneos;
				SWIFT_ACTIVE_COMPILATION_CONDITIONS = DEBUG;
				SWIFT_OPTIMIZATION_LEVEL = "-Onone";
			};
			name = Debug;
		};
		3BAE1E742425C413007D2FB1 /* Release */ = {
			isa = XCBuildConfiguration;
			buildSettings = {
				ALWAYS_SEARCH_USER_PATHS = NO;
				CLANG_ANALYZER_NONNULL = YES;
				CLANG_ANALYZER_NUMBER_OBJECT_CONVERSION = YES_AGGRESSIVE;
				CLANG_CXX_LANGUAGE_STANDARD = "gnu++14";
				CLANG_CXX_LIBRARY = "libc++";
				CLANG_ENABLE_MODULES = YES;
				CLANG_ENABLE_OBJC_ARC = YES;
				CLANG_ENABLE_OBJC_WEAK = YES;
				CLANG_WARN_BLOCK_CAPTURE_AUTORELEASING = YES;
				CLANG_WARN_BOOL_CONVERSION = YES;
				CLANG_WARN_COMMA = YES;
				CLANG_WARN_CONSTANT_CONVERSION = YES;
				CLANG_WARN_DEPRECATED_OBJC_IMPLEMENTATIONS = YES;
				CLANG_WARN_DIRECT_OBJC_ISA_USAGE = YES_ERROR;
				CLANG_WARN_DOCUMENTATION_COMMENTS = YES;
				CLANG_WARN_EMPTY_BODY = YES;
				CLANG_WARN_ENUM_CONVERSION = YES;
				CLANG_WARN_INFINITE_RECURSION = YES;
				CLANG_WARN_INT_CONVERSION = YES;
				CLANG_WARN_NON_LITERAL_NULL_CONVERSION = YES;
				CLANG_WARN_OBJC_IMPLICIT_RETAIN_SELF = YES;
				CLANG_WARN_OBJC_LITERAL_CONVERSION = YES;
				CLANG_WARN_OBJC_ROOT_CLASS = YES_ERROR;
				CLANG_WARN_RANGE_LOOP_ANALYSIS = YES;
				CLANG_WARN_STRICT_PROTOTYPES = YES;
				CLANG_WARN_SUSPICIOUS_MOVE = YES;
				CLANG_WARN_UNGUARDED_AVAILABILITY = YES_AGGRESSIVE;
				CLANG_WARN_UNREACHABLE_CODE = YES;
				CLANG_WARN__DUPLICATE_METHOD_MATCH = YES;
				COPY_PHASE_STRIP = NO;
				DEBUG_INFORMATION_FORMAT = "dwarf-with-dsym";
				ENABLE_NS_ASSERTIONS = NO;
				ENABLE_STRICT_OBJC_MSGSEND = YES;
				GCC_C_LANGUAGE_STANDARD = gnu11;
				GCC_NO_COMMON_BLOCKS = YES;
				GCC_WARN_64_TO_32_BIT_CONVERSION = YES;
				GCC_WARN_ABOUT_RETURN_TYPE = YES_ERROR;
				GCC_WARN_UNDECLARED_SELECTOR = YES;
				GCC_WARN_UNINITIALIZED_AUTOS = YES_AGGRESSIVE;
				GCC_WARN_UNUSED_FUNCTION = YES;
				GCC_WARN_UNUSED_VARIABLE = YES;
				IPHONEOS_DEPLOYMENT_TARGET = 13.2;
				MTL_ENABLE_DEBUG_INFO = NO;
				MTL_FAST_MATH = YES;
				SDKROOT = iphoneos;
				SWIFT_COMPILATION_MODE = wholemodule;
				SWIFT_OPTIMIZATION_LEVEL = "-O";
				VALIDATE_PRODUCT = YES;
			};
			name = Release;
		};
		3BAE1E762425C413007D2FB1 /* Debug */ = {
			isa = XCBuildConfiguration;
			buildSettings = {
				ASSETCATALOG_COMPILER_APPICON_NAME = AppIcon;
				CODE_SIGN_STYLE = Automatic;
				DEVELOPMENT_ASSET_PATHS = "\"DemoSwiftUI/Preview Content\"";
				DEVELOPMENT_TEAM = L9ZV727AUW;
				ENABLE_PREVIEWS = YES;
				INFOPLIST_FILE = DemoSwiftUI/Info.plist;
				LD_RUNPATH_SEARCH_PATHS = (
					"$(inherited)",
					"@executable_path/Frameworks",
				);
				PRODUCT_BUNDLE_IDENTIFIER = Vd1.DemoSwiftUI;
				PRODUCT_NAME = "$(TARGET_NAME)";
				SWIFT_VERSION = 5.0;
				TARGETED_DEVICE_FAMILY = "1,2";
			};
			name = Debug;
		};
		3BAE1E772425C413007D2FB1 /* Release */ = {
			isa = XCBuildConfiguration;
			buildSettings = {
				ASSETCATALOG_COMPILER_APPICON_NAME = AppIcon;
				CODE_SIGN_STYLE = Automatic;
				DEVELOPMENT_ASSET_PATHS = "\"DemoSwiftUI/Preview Content\"";
				DEVELOPMENT_TEAM = L9ZV727AUW;
				ENABLE_PREVIEWS = YES;
				INFOPLIST_FILE = DemoSwiftUI/Info.plist;
				LD_RUNPATH_SEARCH_PATHS = (
					"$(inherited)",
					"@executable_path/Frameworks",
				);
				PRODUCT_BUNDLE_IDENTIFIER = Vd1.DemoSwiftUI;
				PRODUCT_NAME = "$(TARGET_NAME)";
				SWIFT_VERSION = 5.0;
				TARGETED_DEVICE_FAMILY = "1,2";
			};
			name = Release;
		};
		3BAE1E792425C413007D2FB1 /* Debug */ = {
			isa = XCBuildConfiguration;
			buildSettings = {
				ALWAYS_EMBED_SWIFT_STANDARD_LIBRARIES = YES;
				BUNDLE_LOADER = "$(TEST_HOST)";
				CODE_SIGN_STYLE = Automatic;
				DEVELOPMENT_TEAM = L9ZV727AUW;
				INFOPLIST_FILE = DemoSwiftUITests/Info.plist;
				IPHONEOS_DEPLOYMENT_TARGET = 13.2;
				LD_RUNPATH_SEARCH_PATHS = (
					"$(inherited)",
					"@executable_path/Frameworks",
					"@loader_path/Frameworks",
				);
				PRODUCT_BUNDLE_IDENTIFIER = Vd1.DemoSwiftUITests;
				PRODUCT_NAME = "$(TARGET_NAME)";
				SWIFT_VERSION = 5.0;
				TARGETED_DEVICE_FAMILY = "1,2";
				TEST_HOST = "$(BUILT_PRODUCTS_DIR)/DemoSwiftUI.app/DemoSwiftUI";
			};
			name = Debug;
		};
		3BAE1E7A2425C413007D2FB1 /* Release */ = {
			isa = XCBuildConfiguration;
			buildSettings = {
				ALWAYS_EMBED_SWIFT_STANDARD_LIBRARIES = YES;
				BUNDLE_LOADER = "$(TEST_HOST)";
				CODE_SIGN_STYLE = Automatic;
				DEVELOPMENT_TEAM = L9ZV727AUW;
				INFOPLIST_FILE = DemoSwiftUITests/Info.plist;
				IPHONEOS_DEPLOYMENT_TARGET = 13.2;
				LD_RUNPATH_SEARCH_PATHS = (
					"$(inherited)",
					"@executable_path/Frameworks",
					"@loader_path/Frameworks",
				);
				PRODUCT_BUNDLE_IDENTIFIER = Vd1.DemoSwiftUITests;
				PRODUCT_NAME = "$(TARGET_NAME)";
				SWIFT_VERSION = 5.0;
				TARGETED_DEVICE_FAMILY = "1,2";
				TEST_HOST = "$(BUILT_PRODUCTS_DIR)/DemoSwiftUI.app/DemoSwiftUI";
			};
			name = Release;
		};
		3BAE1E7C2425C413007D2FB1 /* Debug */ = {
			isa = XCBuildConfiguration;
			buildSettings = {
				ALWAYS_EMBED_SWIFT_STANDARD_LIBRARIES = YES;
				CODE_SIGN_STYLE = Automatic;
				DEVELOPMENT_TEAM = L9ZV727AUW;
				INFOPLIST_FILE = DemoSwiftUIUITests/Info.plist;
				LD_RUNPATH_SEARCH_PATHS = (
					"$(inherited)",
					"@executable_path/Frameworks",
					"@loader_path/Frameworks",
				);
				PRODUCT_BUNDLE_IDENTIFIER = Vd1.DemoSwiftUIUITests;
				PRODUCT_NAME = "$(TARGET_NAME)";
				SWIFT_VERSION = 5.0;
				TARGETED_DEVICE_FAMILY = "1,2";
				TEST_TARGET_NAME = DemoSwiftUI;
			};
			name = Debug;
		};
		3BAE1E7D2425C413007D2FB1 /* Release */ = {
			isa = XCBuildConfiguration;
			buildSettings = {
				ALWAYS_EMBED_SWIFT_STANDARD_LIBRARIES = YES;
				CODE_SIGN_STYLE = Automatic;
				DEVELOPMENT_TEAM = L9ZV727AUW;
				INFOPLIST_FILE = DemoSwiftUIUITests/Info.plist;
				LD_RUNPATH_SEARCH_PATHS = (
					"$(inherited)",
					"@executable_path/Frameworks",
					"@loader_path/Frameworks",
				);
				PRODUCT_BUNDLE_IDENTIFIER = Vd1.DemoSwiftUIUITests;
				PRODUCT_NAME = "$(TARGET_NAME)";
				SWIFT_VERSION = 5.0;
				TARGETED_DEVICE_FAMILY = "1,2";
				TEST_TARGET_NAME = DemoSwiftUI;
			};
			name = Release;
		};
/* End XCBuildConfiguration section */

/* Begin XCConfigurationList section */
		3BAE1E462425C405007D2FB1 /* Build configuration list for PBXProject "DemoSwiftUI" */ = {
			isa = XCConfigurationList;
			buildConfigurations = (
				3BAE1E732425C413007D2FB1 /* Debug */,
				3BAE1E742425C413007D2FB1 /* Release */,
			);
			defaultConfigurationIsVisible = 0;
			defaultConfigurationName = Release;
		};
		3BAE1E752425C413007D2FB1 /* Build configuration list for PBXNativeTarget "DemoSwiftUI" */ = {
			isa = XCConfigurationList;
			buildConfigurations = (
				3BAE1E762425C413007D2FB1 /* Debug */,
				3BAE1E772425C413007D2FB1 /* Release */,
			);
			defaultConfigurationIsVisible = 0;
			defaultConfigurationName = Release;
		};
		3BAE1E782425C413007D2FB1 /* Build configuration list for PBXNativeTarget "DemoSwiftUITests" */ = {
			isa = XCConfigurationList;
			buildConfigurations = (
				3BAE1E792425C413007D2FB1 /* Debug */,
				3BAE1E7A2425C413007D2FB1 /* Release */,
			);
			defaultConfigurationIsVisible = 0;
			defaultConfigurationName = Release;
		};
		3BAE1E7B2425C413007D2FB1 /* Build configuration list for PBXNativeTarget "DemoSwiftUIUITests" */ = {
			isa = XCConfigurationList;
			buildConfigurations = (
				3BAE1E7C2425C413007D2FB1 /* Debug */,
				3BAE1E7D2425C413007D2FB1 /* Release */,
			);
			defaultConfigurationIsVisible = 0;
			defaultConfigurationName = Release;
		};
/* End XCConfigurationList section */
	};
	rootObject = 3BAE1E432425C405007D2FB1 /* Project object */;
}
